
Microsoft Visual Studio Solution File, Format Version 12.00
# Visual Studio Version 16
VisualStudioVersion = 16.0.30204.135
MinimumVisualStudioVersion = 10.0.40219.1
Project("{FAE04EC0-301F-11D3-BF4B-00C04F79EFBC}") = "APIProject", "APIProject.csproj", "{F4A46DBE-635E-4053-985F-C0B51314BCE8}"
EndProject
Global
	GlobalSection(SolutionConfigurationPlatforms) = preSolution
		Debug|Any CPU = Debug|Any CPU
		Release|Any CPU = Release|Any CPU
	EndGlobalSection
	GlobalSection(ProjectConfigurationPlatforms) = postSolution
		{F4A46DBE-635E-4053-985F-C0B51314BCE8}.Debug|Any CPU.ActiveCfg = Debug|Any CPU
		{F4A46DBE-635E-4053-985F-C0B51314BCE8}.Debug|Any CPU.Build.0 = Debug|Any CPU
		{F4A46DBE-635E-4053-985F-C0B51314BCE8}.Release|Any CPU.ActiveCfg = Release|Any CPU
		{F4A46DBE-635E-4053-985F-C0B51314BCE8}.Release|Any CPU.Build.0 = Release|Any CPU
	EndGlobalSection
	GlobalSection(SolutionProperties) = preSolution
		HideSolutionNode = FALSE
	EndGlobalSection
	GlobalSection(ExtensibilityGlobals) = postSolution
		SolutionGuid = {43ED28A7-DC1D-4324-BCC4-B387B6FE2A70}
	EndGlobalSection
EndGlobal
